
Microsoft Visual Studio Solution File, Format Version 12.00
# Visual Studio Version 18
VisualStudioVersion = 18.0.11217.181
MinimumVisualStudioVersion = 10.0.40219.1
Project("{2150E333-8FDC-42A3-9474-1A3956D46DE8}") = "Solution Items", "Solution Items", "{D25D61AB-C9D8-4B53-967F-B0ADFDBD2610}"
	ProjectSection(SolutionItems) = preProject
		README.md = README.md
	EndProjectSection
EndProject
Project("{FAE04EC0-301F-11D3-BF4B-00C04F79EFBC}") = "WSY.CertHub.CmdSample", "WSY.CertHub.CmdSample\WSY.CertHub.CmdSample.csproj", "{5F513AC9-A098-44ED-A24F-6BE659E1653E}"
EndProject
Project("{FAE04EC0-301F-11D3-BF4B-00C04F79EFBC}") = "WSY.CertHub.Core", "WSY.CertHub.Core\WSY.CertHub.Core.csproj", "{A700D783-EF48-43EB-88F3-943AE3429D29}"
EndProject
Project("{FAE04EC0-301F-11D3-BF4B-00C04F79EFBC}") = "WSY.CertHub.Targets.SoftEther", "WSY.CertHub.Targets.SoftEther\WSY.CertHub.Targets.SoftEther.csproj", "{28F4EE6C-C03D-413D-AFB6-9FFDB1D81E36}"
EndProject
Project("{FAE04EC0-301F-11D3-BF4B-00C04F79EFBC}") = "WSY.CertHub.Targets.SSH", "WSY.CertHub.Targets.SSH\WSY.CertHub.Targets.SSH.csproj", "{CFB61E77-BC2F-4632-8B30-422DADF2629D}"
EndProject
Project("{FAE04EC0-301F-11D3-BF4B-00C04F79EFBC}") = "WSY.CertHub.TencentCloud", "WSY.CertHub.TencentCloud\WSY.CertHub.TencentCloud.csproj", "{C3A78A96-1499-6834-B62D-BD925B70CEB1}"
EndProject
Global
	GlobalSection(SolutionConfigurationPlatforms) = preSolution
		Debug|Any CPU = Debug|Any CPU
		Debug|ARM64 = Debug|ARM64
		Debug|x64 = Debug|x64
		Debug|x86 = Debug|x86
		Release|Any CPU = Release|Any CPU
		Release|ARM64 = Release|ARM64
		Release|x64 = Release|x64
		Release|x86 = Release|x86
	EndGlobalSection
	GlobalSection(ProjectConfigurationPlatforms) = postSolution
		{5F513AC9-A098-44ED-A24F-6BE659E1653E}.Debug|Any CPU.ActiveCfg = Debug|Any CPU
		{5F513AC9-A098-44ED-A24F-6BE659E1653E}.Debug|Any CPU.Build.0 = Debug|Any CPU
		{5F513AC9-A098-44ED-A24F-6BE659E1653E}.Debug|ARM64.ActiveCfg = Debug|ARM64
		{5F513AC9-A098-44ED-A24F-6BE659E1653E}.Debug|ARM64.Build.0 = Debug|ARM64
		{5F513AC9-A098-44ED-A24F-6BE659E1653E}.Debug|x64.ActiveCfg = Debug|x64
		{5F513AC9-A098-44ED-A24F-6BE659E1653E}.Debug|x64.Build.0 = Debug|x64
		{5F513AC9-A098-44ED-A24F-6BE659E1653E}.Debug|x86.ActiveCfg = Debug|x86
		{5F513AC9-A098-44ED-A24F-6BE659E1653E}.Debug|x86.Build.0 = Debug|x86
		{5F513AC9-A098-44ED-A24F-6BE659E1653E}.Release|Any CPU.ActiveCfg = Release|Any CPU
		{5F513AC9-A098-44ED-A24F-6BE659E1653E}.Release|Any CPU.Build.0 = Release|Any CPU
		{5F513AC9-A098-44ED-A24F-6BE659E1653E}.Release|ARM64.ActiveCfg = Release|ARM64
		{5F513AC9-A098-44ED-A24F-6BE659E1653E}.Release|ARM64.Build.0 = Release|ARM64
		{5F513AC9-A098-44ED-A24F-6BE659E1653E}.Release|x64.ActiveCfg = Release|x64
		{5F513AC9-A098-44ED-A24F-6BE659E1653E}.Release|x64.Build.0 = Release|x64
		{5F513AC9-A098-44ED-A24F-6BE659E1653E}.Release|x86.ActiveCfg = Release|x86
		{5F513AC9-A098-44ED-A24F-6BE659E1653E}.Release|x86.Build.0 = Release|x86
		{A700D783-EF48-43EB-88F3-943AE3429D29}.Debug|Any CPU.ActiveCfg = Debug|Any CPU
		{A700D783-EF48-43EB-88F3-943AE3429D29}.Debug|Any CPU.Build.0 = Debug|Any CPU
		{A700D783-EF48-43EB-88F3-943AE3429D29}.Debug|ARM64.ActiveCfg = Debug|ARM64
		{A700D783-EF48-43EB-88F3-943AE3429D29}.Debug|ARM64.Build.0 = Debug|ARM64
		{A700D783-EF48-43EB-88F3-943AE3429D29}.Debug|x64.ActiveCfg = Debug|x64
		{A700D783-EF48-43EB-88F3-943AE3429D29}.Debug|x64.Build.0 = Debug|x64
		{A700D783-EF48-43EB-88F3-943AE3429D29}.Debug|x86.ActiveCfg = Debug|x86
		{A700D783-EF48-43EB-88F3-943AE3429D29}.Debug|x86.Build.0 = Debug|x86
		{A700D783-EF48-43EB-88F3-943AE3429D29}.Release|Any CPU.ActiveCfg = Release|Any CPU
		{A700D783-EF48-43EB-88F3-943AE3429D29}.Release|Any CPU.Build.0 = Release|Any CPU
		{A700D783-EF48-43EB-88F3-943AE3429D29}.Release|ARM64.ActiveCfg = Release|ARM64
		{A700D783-EF48-43EB-88F3-943AE3429D29}.Release|ARM64.Build.0 = Release|ARM64
		{A700D783-EF48-43EB-88F3-943AE3429D29}.Release|x64.ActiveCfg = Release|x64
		{A700D783-EF48-43EB-88F3-943AE3429D29}.Release|x64.Build.0 = Release|x64
		{A700D783-EF48-43EB-88F3-943AE3429D29}.Release|x86.ActiveCfg = Release|x86
		{A700D783-EF48-43EB-88F3-943AE3429D29}.Release|x86.Build.0 = Release|x86
		{28F4EE6C-C03D-413D-AFB6-9FFDB1D81E36}.Debug|Any CPU.ActiveCfg = Debug|Any CPU
		{28F4EE6C-C03D-413D-AFB6-9FFDB1D81E36}.Debug|Any CPU.Build.0 = Debug|Any CPU
		{28F4EE6C-C03D-413D-AFB6-9FFDB1D81E36}.Debug|ARM64.ActiveCfg = Debug|ARM64
		{28F4EE6C-C03D-413D-AFB6-9FFDB1D81E36}.Debug|ARM64.Build.0 = Debug|ARM64
		{28F4EE6C-C03D-413D-AFB6-9FFDB1D81E36}.Debug|x64.ActiveCfg = Debug|x64
		{28F4EE6C-C03D-413D-AFB6-9FFDB1D81E36}.Debug|x64.Build.0 = Debug|x64
		{28F4EE6C-C03D-413D-AFB6-9FFDB1D81E36}.Debug|x86.ActiveCfg = Debug|x86
		{28F4EE6C-C03D-413D-AFB6-9FFDB1D81E36}.Debug|x86.Build.0 = Debug|x86
		{28F4EE6C-C03D-413D-AFB6-9FFDB1D81E36}.Release|Any CPU.ActiveCfg = Release|Any CPU
		{28F4EE6C-C03D-413D-AFB6-9FFDB1D81E36}.Release|Any CPU.Build.0 = Release|Any CPU
		{28F4EE6C-C03D-413D-AFB6-9FFDB1D81E36}.Release|ARM64.ActiveCfg = Release|ARM64
		{28F4EE6C-C03D-413D-AFB6-9FFDB1D81E36}.Release|ARM64.Build.0 = Release|ARM64
		{28F4EE6C-C03D-413D-AFB6-9FFDB1D81E36}.Release|x64.ActiveCfg = Release|x64
		{28F4EE6C-C03D-413D-AFB6-9FFDB1D81E36}.Release|x64.Build.0 = Release|x64
		{28F4EE6C-C03D-413D-AFB6-9FFDB1D81E36}.Release|x86.ActiveCfg = Release|x86
		{28F4EE6C-C03D-413D-AFB6-9FFDB1D81E36}.Release|x86.Build.0 = Release|x86
		{CFB61E77-BC2F-4632-8B30-422DADF2629D}.Debug|Any CPU.ActiveCfg = Debug|Any CPU
		{CFB61E77-BC2F-4632-8B30-422DADF2629D}.Debug|Any CPU.Build.0 = Debug|Any CPU
		{CFB61E77-BC2F-4632-8B30-422DADF2629D}.Debug|ARM64.ActiveCfg = Debug|ARM64
		{CFB61E77-BC2F-4632-8B30-422DADF2629D}.Debug|ARM64.Build.0 = Debug|ARM64
		{CFB61E77-BC2F-4632-8B30-422DADF2629D}.Debug|x64.ActiveCfg = Debug|x64
		{CFB61E77-BC2F-4632-8B30-422DADF2629D}.Debug|x64.Build.0 = Debug|x64
		{CFB61E77-BC2F-4632-8B30-422DADF2629D}.Debug|x86.ActiveCfg = Debug|x86
		{CFB61E77-BC2F-4632-8B30-422DADF2629D}.Debug|x86.Build.0 = Debug|x86
		{CFB61E77-BC2F-4632-8B30-422DADF2629D}.Release|Any CPU.ActiveCfg = Release|Any CPU
		{CFB61E77-BC2F-4632-8B30-422DADF2629D}.Release|Any CPU.Build.0 = Release|Any CPU
		{CFB61E77-BC2F-4632-8B30-422DADF2629D}.Release|ARM64.ActiveCfg = Release|ARM64
		{CFB61E77-BC2F-4632-8B30-422DADF2629D}.Release|ARM64.Build.0 = Release|ARM64
		{CFB61E77-BC2F-4632-8B30-422DADF2629D}.Release|x64.ActiveCfg = Release|x64
		{CFB61E77-BC2F-4632-8B30-422DADF2629D}.Release|x64.Build.0 = Release|x64
		{CFB61E77-BC2F-4632-8B30-422DADF2629D}.Release|x86.ActiveCfg = Release|x86
		{CFB61E77-BC2F-4632-8B30-422DADF2629D}.Release|x86.Build.0 = Release|x86
		{C3A78A96-1499-6834-B62D-BD925B70CEB1}.Debug|Any CPU.ActiveCfg = Debug|Any CPU
		{C3A78A96-1499-6834-B62D-BD925B70CEB1}.Debug|Any CPU.Build.0 = Debug|Any CPU
		{C3A78A96-1499-6834-B62D-BD925B70CEB1}.Debug|ARM64.ActiveCfg = Debug|ARM64
		{C3A78A96-1499-6834-B62D-BD925B70CEB1}.Debug|ARM64.Build.0 = Debug|ARM64
		{C3A78A96-1499-6834-B62D-BD925B70CEB1}.Debug|x64.ActiveCfg = Debug|x64
		{C3A78A96-1499-6834-B62D-BD925B70CEB1}.Debug|x64.Build.0 = Debug|x64
		{C3A78A96-1499-6834-B62D-BD925B70CEB1}.Debug|x86.ActiveCfg = Debug|x86
		{C3A78A96-1499-6834-B62D-BD925B70CEB1}.Debug|x86.Build.0 = Debug|x86
		{C3A78A96-1499-6834-B62D-BD925B70CEB1}.Release|Any CPU.ActiveCfg = Release|Any CPU
		{C3A78A96-1499-6834-B62D-BD925B70CEB1}.Release|Any CPU.Build.0 = Release|Any CPU
		{C3A78A96-1499-6834-B62D-BD925B70CEB1}.Release|ARM64.ActiveCfg = Release|ARM64
		{C3A78A96-1499-6834-B62D-BD925B70CEB1}.Release|ARM64.Build.0 = Release|ARM64
		{C3A78A96-1499-6834-B62D-BD925B70CEB1}.Release|x64.ActiveCfg = Release|x64
		{C3A78A96-1499-6834-B62D-BD925B70CEB1}.Release|x64.Build.0 = Release|x64
		{C3A78A96-1499-6834-B62D-BD925B70CEB1}.Release|x86.ActiveCfg = Release|x86
		{C3A78A96-1499-6834-B62D-BD925B70CEB1}.Release|x86.Build.0 = Release|x86
	EndGlobalSection
	GlobalSection(SolutionProperties) = preSolution
		HideSolutionNode = FALSE
	EndGlobalSection
	GlobalSection(ExtensibilityGlobals) = postSolution
		SolutionGuid = {EBCB4FF2-6E23-4D53-A061-FB3E5C9472F8}
	EndGlobalSection
EndGlobal
